// !$*UTF8*$!
{
	archiveVersion = 1;
	classes = {
	};
	objectVersion = 46;
	objects = {

/* Begin PBXBuildFile section */
		33246AB81C50ECF700039E29 /* AppDelegate.swift in Sources */ = {isa = PBXBuildFile; fileRef = 33246AB71C50ECF700039E29 /* AppDelegate.swift */; };
		33246ABA1C50ECF700039E29 /* ViewController.swift in Sources */ = {isa = PBXBuildFile; fileRef = 33246AB91C50ECF700039E29 /* ViewController.swift */; };
		33246ABD1C50ECF700039E29 /* Main.storyboard in Resources */ = {isa = PBXBuildFile; fileRef = 33246ABB1C50ECF700039E29 /* Main.storyboard */; };
		33246ABF1C50ECF700039E29 /* Assets.xcassets in Resources */ = {isa = PBXBuildFile; fileRef = 33246ABE1C50ECF700039E29 /* Assets.xcassets */; };
		33246AC21C50ECF700039E29 /* LaunchScreen.storyboard in Resources */ = {isa = PBXBuildFile; fileRef = 33246AC01C50ECF700039E29 /* LaunchScreen.storyboard */; };
		33246ACD1C50ECF700039E29 /* to_do_listTests.swift in Sources */ = {isa = PBXBuildFile; fileRef = 33246ACC1C50ECF700039E29 /* to_do_listTests.swift */; };
		33246AD81C50ECF700039E29 /* to_do_listUITests.swift in Sources */ = {isa = PBXBuildFile; fileRef = 33246AD71C50ECF700039E29 /* to_do_listUITests.swift */; };
/* End PBXBuildFile section */

/* Begin PBXContainerItemProxy section */
		33246AC91C50ECF700039E29 /* PBXContainerItemProxy */ = {
			isa = PBXContainerItemProxy;
			containerPortal = 33246AAC1C50ECF700039E29 /* Project object */;
			proxyType = 1;
			remoteGlobalIDString = 33246AB31C50ECF700039E29;
			remoteInfo = to_do_list;
		};
		33246AD41C50ECF700039E29 /* PBXContainerItemProxy */ = {
			isa = PBXContainerItemProxy;
			containerPortal = 33246AAC1C50ECF700039E29 /* Project object */;
			proxyType = 1;
			remoteGlobalIDString = 33246AB31C50ECF700039E29;
			remoteInfo = to_do_list;
		};
/* End PBXContainerItemProxy section */

/* Begin PBXFileReference section */
		33246AB41C50ECF700039E29 /* to_do_list.app */ = {isa = PBXFileReference; explicitFileType = wrapper.application; includeInIndex = 0; path = to_do_list.app; sourceTree = BUILT_PRODUCTS_DIR; };
		33246AB71C50ECF700039E29 /* AppDelegate.swift */ = {isa = PBXFileReference; lastKnownFileType = sourcecode.swift; path = AppDelegate.swift; sourceTree = "<group>"; };
		33246AB91C50ECF700039E29 /* ViewController.swift */ = {isa = PBXFileReference; lastKnownFileType = sourcecode.swift; path = ViewController.swift; sourceTree = "<group>"; };
		33246ABC1C50ECF700039E29 /* Base */ = {isa = PBXFileReference; lastKnownFileType = file.storyboard; name = Base; path = Base.lproj/Main.storyboard; sourceTree = "<group>"; };
		33246ABE1C50ECF700039E29 /* Assets.xcassets */ = {isa = PBXFileReference; lastKnownFileType = folder.assetcatalog; path = Assets.xcassets; sourceTree = "<group>"; };
		33246AC11C50ECF700039E29 /* Base */ = {isa = PBXFileReference; lastKnownFileType = file.storyboard; name = Base; path = Base.lproj/LaunchScreen.storyboard; sourceTree = "<group>"; };
		33246AC31C50ECF700039E29 /* Info.plist */ = {isa = PBXFileReference; lastKnownFileType = text.plist.xml; path = Info.plist; sourceTree = "<group>"; };
		33246AC81C50ECF700039E29 /* to_do_listTests.xctest */ = {isa = PBXFileReference; explicitFileType = wrapper.cfbundle; includeInIndex = 0; path = to_do_listTests.xctest; sourceTree = BUILT_PRODUCTS_DIR; };
		33246ACC1C50ECF700039E29 /* to_do_listTests.swift */ = {isa = PBXFileReference; lastKnownFileType = sourcecode.swift; path = to_do_listTests.swift; sourceTree = "<group>"; };
		33246ACE1C50ECF700039E29 /* Info.plist */ = {isa = PBXFileReference; lastKnownFileType = text.plist.xml; path = Info.plist; sourceTree = "<group>"; };
		33246AD31C50ECF700039E29 /* to_do_listUITests.xctest */ = {isa = PBXFileReference; explicitFileType = wrapper.cfbundle; includeInIndex = 0; path = to_do_listUITests.xctest; sourceTree = BUILT_PRODUCTS_DIR; };
		33246AD71C50ECF700039E29 /* to_do_listUITests.swift */ = {isa = PBXFileReference; lastKnownFileType = sourcecode.swift; path = to_do_listUITests.swift; sourceTree = "<group>"; };
		33246AD91C50ECF700039E29 /* Info.plist */ = {isa = PBXFileReference; lastKnownFileType = text.plist.xml; path = Info.plist; sourceTree = "<group>"; };
/* End PBXFileReference section */

/* Begin PBXFrameworksBuildPhase section */
		33246AB11C50ECF700039E29 /* Frameworks */ = {
			isa = PBXFrameworksBuildPhase;
			buildActionMask = 2147483647;
			files = (
			);
			runOnlyForDeploymentPostprocessing = 0;
		};
		33246AC51C50ECF700039E29 /* Frameworks */ = {
			isa = PBXFrameworksBuildPhase;
			buildActionMask = 2147483647;
			files = (
			);
			runOnlyForDeploymentPostprocessing = 0;
		};
		33246AD01C50ECF700039E29 /* Frameworks */ = {
			isa = PBXFrameworksBuildPhase;
			buildActionMask = 2147483647;
			files = (
			);
			runOnlyForDeploymentPostprocessing = 0;
		};
/* End PBXFrameworksBuildPhase section */

/* Begin PBXGroup section */
		33246AAB1C50ECF700039E29 = {
			isa = PBXGroup;
			children = (
				33246AB61C50ECF700039E29 /* to_do_list */,
				33246ACB1C50ECF700039E29 /* to_do_listTests */,
				33246AD61C50ECF700039E29 /* to_do_listUITests */,
				33246AB51C50ECF700039E29 /* Products */,
			);
			sourceTree = "<group>";
		};
		33246AB51C50ECF700039E29 /* Products */ = {
			isa = PBXGroup;
			children = (
				33246AB41C50ECF700039E29 /* to_do_list.app */,
				33246AC81C50ECF700039E29 /* to_do_listTests.xctest */,
				33246AD31C50ECF700039E29 /* to_do_listUITests.xctest */,
			);
			name = Products;
			sourceTree = "<group>";
		};
		33246AB61C50ECF700039E29 /* to_do_list */ = {
			isa = PBXGroup;
			children = (
				33246AB71C50ECF700039E29 /* AppDelegate.swift */,
				33246AB91C50ECF700039E29 /* ViewController.swift */,
				33246ABB1C50ECF700039E29 /* Main.storyboard */,
				33246ABE1C50ECF700039E29 /* Assets.xcassets */,
				33246AC01C50ECF700039E29 /* LaunchScreen.storyboard */,
				33246AC31C50ECF700039E29 /* Info.plist */,
			);
			path = to_do_list;
			sourceTree = "<group>";
		};
		33246ACB1C50ECF700039E29 /* to_do_listTests */ = {
			isa = PBXGroup;
			children = (
				33246ACC1C50ECF700039E29 /* to_do_listTests.swift */,
				33246ACE1C50ECF700039E29 /* Info.plist */,
			);
			path = to_do_listTests;
			sourceTree = "<group>";
		};
		33246AD61C50ECF700039E29 /* to_do_listUITests */ = {
			isa = PBXGroup;
			children = (
				33246AD71C50ECF700039E29 /* to_do_listUITests.swift */,
				33246AD91C50ECF700039E29 /* Info.plist */,
			);
			path = to_do_listUITests;
			sourceTree = "<group>";
		};
/* End PBXGroup section */

/* Begin PBXNativeTarget section */
		33246AB31C50ECF700039E29 /* to_do_list */ = {
			isa = PBXNativeTarget;
			buildConfigurationList = 33246ADC1C50ECF700039E29 /* Build configuration list for PBXNativeTarget "to_do_list" */;
			buildPhases = (
				33246AB01C50ECF700039E29 /* Sources */,
				33246AB11C50ECF700039E29 /* Frameworks */,
				33246AB21C50ECF700039E29 /* Resources */,
			);
			buildRules = (
			);
			dependencies = (
			);
			name = to_do_list;
			productName = to_do_list;
			productReference = 33246AB41C50ECF700039E29 /* to_do_list.app */;
			productType = "com.apple.product-type.application";
		};
		33246AC71C50ECF700039E29 /* to_do_listTests */ = {
			isa = PBXNativeTarget;
			buildConfigurationList = 33246ADF1C50ECF700039E29 /* Build configuration list for PBXNativeTarget "to_do_listTests" */;
			buildPhases = (
				33246AC41C50ECF700039E29 /* Sources */,
				33246AC51C50ECF700039E29 /* Frameworks */,
				33246AC61C50ECF700039E29 /* Resources */,
			);
			buildRules = (
			);
			dependencies = (
				33246ACA1C50ECF700039E29 /* PBXTargetDependency */,
			);
			name = to_do_listTests;
			productName = to_do_listTests;
			productReference = 33246AC81C50ECF700039E29 /* to_do_listTests.xctest */;
			productType = "com.apple.product-type.bundle.unit-test";
		};
		33246AD21C50ECF700039E29 /* to_do_listUITests */ = {
			isa = PBXNativeTarget;
			buildConfigurationList = 33246AE21C50ECF700039E29 /* Build configuration list for PBXNativeTarget "to_do_listUITests" */;
			buildPhases = (
				33246ACF1C50ECF700039E29 /* Sources */,
				33246AD01C50ECF700039E29 /* Frameworks */,
				33246AD11C50ECF700039E29 /* Resources */,
			);
			buildRules = (
			);
			dependencies = (
				33246AD51C50ECF700039E29 /* PBXTargetDependency */,
			);
			name = to_do_listUITests;
			productName = to_do_listUITests;
			productReference = 33246AD31C50ECF700039E29 /* to_do_listUITests.xctest */;
			productType = "com.apple.product-type.bundle.ui-testing";
		};
/* End PBXNativeTarget section */

/* Begin PBXProject section */
		33246AAC1C50ECF700039E29 /* Project object */ = {
			isa = PBXProject;
			attributes = {
				LastSwiftUpdateCheck = 0720;
				LastUpgradeCheck = 0720;
				ORGANIZATIONNAME = "Richard Geoghegan";
				TargetAttributes = {
					33246AB31C50ECF700039E29 = {
						CreatedOnToolsVersion = 7.2;
					};
					33246AC71C50ECF700039E29 = {
						CreatedOnToolsVersion = 7.2;
						TestTargetID = 33246AB31C50ECF700039E29;
					};
					33246AD21C50ECF700039E29 = {
						CreatedOnToolsVersion = 7.2;
						TestTargetID = 33246AB31C50ECF700039E29;
					};
				};
			};
			buildConfigurationList = 33246AAF1C50ECF700039E29 /* Build configuration list for PBXProject "to_do_list" */;
			compatibilityVersion = "Xcode 3.2";
			developmentRegion = English;
			hasScannedForEncodings = 0;
			knownRegions = (
				en,
				Base,
			);
			mainGroup = 33246AAB1C50ECF700039E29;
			productRefGroup = 33246AB51C50ECF700039E29 /* Products */;
			projectDirPath = "";
			projectRoot = "";
			targets = (
				33246AB31C50ECF700039E29 /* to_do_list */,
				33246AC71C50ECF700039E29 /* to_do_listTests */,
				33246AD21C50ECF700039E29 /* to_do_listUITests */,
			);
		};
/* End PBXProject section */

/* Begin PBXResourcesBuildPhase section */
		33246AB21C50ECF700039E29 /* Resources */ = {
			isa = PBXResourcesBuildPhase;
			buildActionMask = 2147483647;
			files = (
				33246AC21C50ECF700039E29 /* LaunchScreen.storyboard in Resources */,
				33246ABF1C50ECF700039E29 /* Assets.xcassets in Resources */,
				33246ABD1C50ECF700039E29 /* Main.storyboard in Resources */,
			);
			runOnlyForDeploymentPostprocessing = 0;
		};
		33246AC61C50ECF700039E29 /* Resources */ = {
			isa = PBXResourcesBuildPhase;
			buildActionMask = 2147483647;
			files = (
			);
			runOnlyForDeploymentPostprocessing = 0;
		};
		33246AD11C50ECF700039E29 /* Resources */ = {
			isa = PBXResourcesBuildPhase;
			buildActionMask = 2147483647;
			files = (
			);
			runOnlyForDeploymentPostprocessing = 0;
		};
/* End PBXResourcesBuildPhase section */

/* Begin PBXSourcesBuildPhase section */
		33246AB01C50ECF700039E29 /* Sources */ = {
			isa = PBXSourcesBuildPhase;
			buildActionMask = 2147483647;
			files = (
				33246ABA1C50ECF700039E29 /* ViewController.swift in Sources */,
				33246AB81C50ECF700039E29 /* AppDelegate.swift in Sources */,
			);
			runOnlyForDeploymentPostprocessing = 0;
		};
		33246AC41C50ECF700039E29 /* Sources */ = {
			isa = PBXSourcesBuildPhase;
			buildActionMask = 2147483647;
			files = (
				33246ACD1C50ECF700039E29 /* to_do_listTests.swift in Sources */,
			);
			runOnlyForDeploymentPostprocessing = 0;
		};
		33246ACF1C50ECF700039E29 /* Sources */ = {
			isa = PBXSourcesBuildPhase;
			buildActionMask = 2147483647;
			files = (
				33246AD81C50ECF700039E29 /* to_do_listUITests.swift in Sources */,
			);
			runOnlyForDeploymentPostprocessing = 0;
		};
/* End PBXSourcesBuildPhase section */

/* Begin PBXTargetDependency section */
		33246ACA1C50ECF700039E29 /* PBXTargetDependency */ = {
			isa = PBXTargetDependency;
			target = 33246AB31C50ECF700039E29 /* to_do_list */;
			targetProxy = 33246AC91C50ECF700039E29 /* PBXContainerItemProxy */;
		};
		33246AD51C50ECF700039E29 /* PBXTargetDependency */ = {
			isa = PBXTargetDependency;
			target = 33246AB31C50ECF700039E29 /* to_do_list */;
			targetProxy = 33246AD41C50ECF700039E29 /* PBXContainerItemProxy */;
		};
/* End PBXTargetDependency section */

/* Begin PBXVariantGroup section */
		33246ABB1C50ECF700039E29 /* Main.storyboard */ = {
			isa = PBXVariantGroup;
			children = (
				33246ABC1C50ECF700039E29 /* Base */,
			);
			name = Main.storyboard;
			sourceTree = "<group>";
		};
		33246AC01C50ECF700039E29 /* LaunchScreen.storyboard */ = {
			isa = PBXVariantGroup;
			children = (
				33246AC11C50ECF700039E29 /* Base */,
			);
			name = LaunchScreen.storyboard;
			sourceTree = "<group>";
		};
/* End PBXVariantGroup section */

/* Begin XCBuildConfiguration section */
		33246ADA1C50ECF700039E29 /* Debug */ = {
			isa = XCBuildConfiguration;
			buildSettings = {
				ALWAYS_SEARCH_USER_PATHS = NO;
				CLANG_CXX_LANGUAGE_STANDARD = "gnu++0x";
				CLANG_CXX_LIBRARY = "libc++";
				CLANG_ENABLE_MODULES = YES;
				CLANG_ENABLE_OBJC_ARC = YES;
				CLANG_WARN_BOOL_CONVERSION = YES;
				CLANG_WARN_CONSTANT_CONVERSION = YES;
				CLANG_WARN_DIRECT_OBJC_ISA_USAGE = YES_ERROR;
				CLANG_WARN_EMPTY_BODY = YES;
				CLANG_WARN_ENUM_CONVERSION = YES;
				CLANG_WARN_INT_CONVERSION = YES;
				CLANG_WARN_OBJC_ROOT_CLASS = YES_ERROR;
				CLANG_WARN_UNREACHABLE_CODE = YES;
				CLANG_WARN__DUPLICATE_METHOD_MATCH = YES;
				"CODE_SIGN_IDENTITY[sdk=iphoneos*]" = "iPhone Developer";
				COPY_PHASE_STRIP = NO;
				DEBUG_INFORMATION_FORMAT = dwarf;
				ENABLE_STRICT_OBJC_MSGSEND = YES;
				ENABLE_TESTABILITY = YES;
				GCC_C_LANGUAGE_STANDARD = gnu99;
				GCC_DYNAMIC_NO_PIC = NO;
				GCC_NO_COMMON_BLOCKS = YES;
				GCC_OPTIMIZATION_LEVEL = 0;
				GCC_PREPROCESSOR_DEFINITIONS = (
					"DEBUG=1",
					"$(inherited)",
				);
				GCC_WARN_64_TO_32_BIT_CONVERSION = YES;
				GCC_WARN_ABOUT_RETURN_TYPE = YES_ERROR;
				GCC_WARN_UNDECLARED_SELECTOR = YES;
				GCC_WARN_UNINITIALIZED_AUTOS = YES_AGGRESSIVE;
				GCC_WARN_UNUSED_FUNCTION = YES;
				GCC_WARN_UNUSED_VARIABLE = YES;
				IPHONEOS_DEPLOYMENT_TARGET = 9.2;
				MTL_ENABLE_DEBUG_INFO = YES;
				ONLY_ACTIVE_ARCH = YES;
				SDKROOT = iphoneos;
				SWIFT_OPTIMIZATION_LEVEL = "-Onone";
				TARGETED_DEVICE_FAMILY = "1,2";
			};
			name = Debug;
		};
		33246ADB1C50ECF700039E29 /* Release */ = {
			isa = XCBuildConfiguration;
			buildSettings = {
				ALWAYS_SEARCH_USER_PATHS = NO;
				CLANG_CXX_LANGUAGE_STANDARD = "gnu++0x";
				CLANG_CXX_LIBRARY = "libc++";
				CLANG_ENABLE_MODULES = YES;
				CLANG_ENABLE_OBJC_ARC = YES;
				CLANG_WARN_BOOL_CONVERSION = YES;
				CLANG_WARN_CONSTANT_CONVERSION = YES;
				CLANG_WARN_DIRECT_OBJC_ISA_USAGE = YES_ERROR;
				CLANG_WARN_EMPTY_BODY = YES;
				CLANG_WARN_ENUM_CONVERSION = YES;
				CLANG_WARN_INT_CONVERSION = YES;
				CLANG_WARN_OBJC_ROOT_CLASS = YES_ERROR;
				CLANG_WARN_UNREACHABLE_CODE = YES;
				CLANG_WARN__DUPLICATE_METHOD_MATCH = YES;
				"CODE_SIGN_IDENTITY[sdk=iphoneos*]" = "iPhone Developer";
				COPY_PHASE_STRIP = NO;
				DEBUG_INFORMATION_FORMAT = "dwarf-with-dsym";
				ENABLE_NS_ASSERTIONS = NO;
				ENABLE_STRICT_OBJC_MSGSEND = YES;
				GCC_C_LANGUAGE_STANDARD = gnu99;
				GCC_NO_COMMON_BLOCKS = YES;
				GCC_WARN_64_TO_32_BIT_CONVERSION = YES;
				GCC_WARN_ABOUT_RETURN_TYPE = YES_ERROR;
				GCC_WARN_UNDECLARED_SELECTOR = YES;
				GCC_WARN_UNINITIALIZED_AUTOS = YES_AGGRESSIVE;
				GCC_WARN_UNUSED_FUNCTION = YES;
				GCC_WARN_UNUSED_VARIABLE = YES;
				IPHONEOS_DEPLOYMENT_TARGET = 9.2;
				MTL_ENABLE_DEBUG_INFO = NO;
				SDKROOT = iphoneos;
				TARGETED_DEVICE_FAMILY = "1,2";
				VALIDATE_PRODUCT = YES;
			};
			name = Release;
		};
		33246ADD1C50ECF700039E29 /* Debug */ = {
			isa = XCBuildConfiguration;
			buildSettings = {
				ASSETCATALOG_COMPILER_APPICON_NAME = AppIcon;
				INFOPLIST_FILE = to_do_list/Info.plist;
				LD_RUNPATH_SEARCH_PATHS = "$(inherited) @executable_path/Frameworks";
				PRODUCT_BUNDLE_IDENTIFIER = "rg.to-do-list";
				PRODUCT_NAME = "$(TARGET_NAME)";
			};
			name = Debug;
		};
		33246ADE1C50ECF700039E29 /* Release */ = {
			isa = XCBuildConfiguration;
			buildSettings = {
				ASSETCATALOG_COMPILER_APPICON_NAME = AppIcon;
				INFOPLIST_FILE = to_do_list/Info.plist;
				LD_RUNPATH_SEARCH_PATHS = "$(inherited) @executable_path/Frameworks";
				PRODUCT_BUNDLE_IDENTIFIER = "rg.to-do-list";
				PRODUCT_NAME = "$(TARGET_NAME)";
			};
			name = Release;
		};
		33246AE01C50ECF700039E29 /* Debug */ = {
			isa = XCBuildConfiguration;
			buildSettings = {
				BUNDLE_LOADER = "$(TEST_HOST)";
				INFOPLIST_FILE = to_do_listTests/Info.plist;
				LD_RUNPATH_SEARCH_PATHS = "$(inherited) @executable_path/Frameworks @loader_path/Frameworks";
				PRODUCT_BUNDLE_IDENTIFIER = "rg.to-do-listTests";
				PRODUCT_NAME = "$(TARGET_NAME)";
				TEST_HOST = "$(BUILT_PRODUCTS_DIR)/to_do_list.app/to_do_list";
			};
			name = Debug;
		};
		33246AE11C50ECF700039E29 /* Release */ = {
			isa = XCBuildConfiguration;
			buildSettings = {
				BUNDLE_LOADER = "$(TEST_HOST)";
				INFOPLIST_FILE = to_do_listTests/Info.plist;
				LD_RUNPATH_SEARCH_PATHS = "$(inherited) @executable_path/Frameworks @loader_path/Frameworks";
				PRODUCT_BUNDLE_IDENTIFIER = "rg.to-do-listTests";
				PRODUCT_NAME = "$(TARGET_NAME)";
				TEST_HOST = "$(BUILT_PRODUCTS_DIR)/to_do_list.app/to_do_list";
			};
			name = Release;
		};
		33246AE31C50ECF700039E29 /* Debug */ = {
			isa = XCBuildConfiguration;
			buildSettings = {
				INFOPLIST_FILE = to_do_listUITests/Info.plist;
				LD_RUNPATH_SEARCH_PATHS = "$(inherited) @executable_path/Frameworks @loader_path/Frameworks";
				PRODUCT_BUNDLE_IDENTIFIER = "rg.to-do-listUITests";
				PRODUCT_NAME = "$(TARGET_NAME)";
				TEST_TARGET_NAME = to_do_list;
				USES_XCTRUNNER = YES;
			};
			name = Debug;
		};
		33246AE41C50ECF700039E29 /* Release */ = {
			isa = XCBuildConfiguration;
			buildSettings = {
				INFOPLIST_FILE = to_do_listUITests/Info.plist;
				LD_RUNPATH_SEARCH_PATHS = "$(inherited) @executable_path/Frameworks @loader_path/Frameworks";
				PRODUCT_BUNDLE_IDENTIFIER = "rg.to-do-listUITests";
				PRODUCT_NAME = "$(TARGET_NAME)";
				TEST_TARGET_NAME = to_do_list;
				USES_XCTRUNNER = YES;
			};
			name = Release;
		};
/* End XCBuildConfiguration section */

/* Begin XCConfigurationList section */
		33246AAF1C50ECF700039E29 /* Build configuration list for PBXProject "to_do_list" */ = {
			isa = XCConfigurationList;
			buildConfigurations = (
				33246ADA1C50ECF700039E29 /* Debug */,
				33246ADB1C50ECF700039E29 /* Release */,
			);
			defaultConfigurationIsVisible = 0;
			defaultConfigurationName = Release;
		};
		33246ADC1C50ECF700039E29 /* Build configuration list for PBXNativeTarget "to_do_list" */ = {
			isa = XCConfigurationList;
			buildConfigurations = (
				33246ADD1C50ECF700039E29 /* Debug */,
				33246ADE1C50ECF700039E29 /* Release */,
			);
			defaultConfigurationIsVisible = 0;
		};
		33246ADF1C50ECF700039E29 /* Build configuration list for PBXNativeTarget "to_do_listTests" */ = {
			isa = XCConfigurationList;
			buildConfigurations = (
				33246AE01C50ECF700039E29 /* Debug */,
				33246AE11C50ECF700039E29 /* Release */,
			);
			defaultConfigurationIsVisible = 0;
		};
		33246AE21C50ECF700039E29 /* Build configuration list for PBXNativeTarget "to_do_listUITests" */ = {
			isa = XCConfigurationList;
			buildConfigurations = (
				33246AE31C50ECF700039E29 /* Debug */,
				33246AE41C50ECF700039E29 /* Release */,
			);
			defaultConfigurationIsVisible = 0;
		};
/* End XCConfigurationList section */
	};
	rootObject = 33246AAC1C50ECF700039E29 /* Project object */;
}
