// !$*UTF8*$!
{
	archiveVersion = 1;
	classes = {
	};
	objectVersion = 46;
	objects = {

/* Begin PBXBuildFile section */
		3320934B1C50FB9E00C6DAE9 /* AppDelegate.swift in Sources */ = {isa = PBXBuildFile; fileRef = 3320934A1C50FB9E00C6DAE9 /* AppDelegate.swift */; };
		3320934D1C50FB9E00C6DAE9 /* ViewController.swift in Sources */ = {isa = PBXBuildFile; fileRef = 3320934C1C50FB9E00C6DAE9 /* ViewController.swift */; };
		332093501C50FB9E00C6DAE9 /* Main.storyboard in Resources */ = {isa = PBXBuildFile; fileRef = 3320934E1C50FB9E00C6DAE9 /* Main.storyboard */; };
		332093521C50FB9E00C6DAE9 /* Assets.xcassets in Resources */ = {isa = PBXBuildFile; fileRef = 332093511C50FB9E00C6DAE9 /* Assets.xcassets */; };
		332093551C50FB9E00C6DAE9 /* LaunchScreen.storyboard in Resources */ = {isa = PBXBuildFile; fileRef = 332093531C50FB9E00C6DAE9 /* LaunchScreen.storyboard */; };
		332093601C50FB9E00C6DAE9 /* to_do_listTests.swift in Sources */ = {isa = PBXBuildFile; fileRef = 3320935F1C50FB9E00C6DAE9 /* to_do_listTests.swift */; };
		3320936B1C50FB9E00C6DAE9 /* to_do_listUITests.swift in Sources */ = {isa = PBXBuildFile; fileRef = 3320936A1C50FB9E00C6DAE9 /* to_do_listUITests.swift */; };
		332093791C51170800C6DAE9 /* ToDoTableViewCell.swift in Sources */ = {isa = PBXBuildFile; fileRef = 332093781C51170800C6DAE9 /* ToDoTableViewCell.swift */; };
/* End PBXBuildFile section */

/* Begin PBXContainerItemProxy section */
		3320935C1C50FB9E00C6DAE9 /* PBXContainerItemProxy */ = {
			isa = PBXContainerItemProxy;
			containerPortal = 3320933F1C50FB9E00C6DAE9 /* Project object */;
			proxyType = 1;
			remoteGlobalIDString = 332093461C50FB9E00C6DAE9;
			remoteInfo = to_do_list;
		};
		332093671C50FB9E00C6DAE9 /* PBXContainerItemProxy */ = {
			isa = PBXContainerItemProxy;
			containerPortal = 3320933F1C50FB9E00C6DAE9 /* Project object */;
			proxyType = 1;
			remoteGlobalIDString = 332093461C50FB9E00C6DAE9;
			remoteInfo = to_do_list;
		};
/* End PBXContainerItemProxy section */

/* Begin PBXFileReference section */
		332093471C50FB9E00C6DAE9 /* to_do_list.app */ = {isa = PBXFileReference; explicitFileType = wrapper.application; includeInIndex = 0; path = to_do_list.app; sourceTree = BUILT_PRODUCTS_DIR; };
		3320934A1C50FB9E00C6DAE9 /* AppDelegate.swift */ = {isa = PBXFileReference; lastKnownFileType = sourcecode.swift; path = AppDelegate.swift; sourceTree = "<group>"; };
		3320934C1C50FB9E00C6DAE9 /* ViewController.swift */ = {isa = PBXFileReference; lastKnownFileType = sourcecode.swift; path = ViewController.swift; sourceTree = "<group>"; };
		3320934F1C50FB9E00C6DAE9 /* Base */ = {isa = PBXFileReference; lastKnownFileType = file.storyboard; name = Base; path = Base.lproj/Main.storyboard; sourceTree = "<group>"; };
		332093511C50FB9E00C6DAE9 /* Assets.xcassets */ = {isa = PBXFileReference; lastKnownFileType = folder.assetcatalog; path = Assets.xcassets; sourceTree = "<group>"; };
		332093541C50FB9E00C6DAE9 /* Base */ = {isa = PBXFileReference; lastKnownFileType = file.storyboard; name = Base; path = Base.lproj/LaunchScreen.storyboard; sourceTree = "<group>"; };
		332093561C50FB9E00C6DAE9 /* Info.plist */ = {isa = PBXFileReference; lastKnownFileType = text.plist.xml; path = Info.plist; sourceTree = "<group>"; };
		3320935B1C50FB9E00C6DAE9 /* to_do_listTests.xctest */ = {isa = PBXFileReference; explicitFileType = wrapper.cfbundle; includeInIndex = 0; path = to_do_listTests.xctest; sourceTree = BUILT_PRODUCTS_DIR; };
		3320935F1C50FB9E00C6DAE9 /* to_do_listTests.swift */ = {isa = PBXFileReference; lastKnownFileType = sourcecode.swift; path = to_do_listTests.swift; sourceTree = "<group>"; };
		332093611C50FB9E00C6DAE9 /* Info.plist */ = {isa = PBXFileReference; lastKnownFileType = text.plist.xml; path = Info.plist; sourceTree = "<group>"; };
		332093661C50FB9E00C6DAE9 /* to_do_listUITests.xctest */ = {isa = PBXFileReference; explicitFileType = wrapper.cfbundle; includeInIndex = 0; path = to_do_listUITests.xctest; sourceTree = BUILT_PRODUCTS_DIR; };
		3320936A1C50FB9E00C6DAE9 /* to_do_listUITests.swift */ = {isa = PBXFileReference; lastKnownFileType = sourcecode.swift; path = to_do_listUITests.swift; sourceTree = "<group>"; };
		3320936C1C50FB9E00C6DAE9 /* Info.plist */ = {isa = PBXFileReference; lastKnownFileType = text.plist.xml; path = Info.plist; sourceTree = "<group>"; };
		332093781C51170800C6DAE9 /* ToDoTableViewCell.swift */ = {isa = PBXFileReference; fileEncoding = 4; lastKnownFileType = sourcecode.swift; path = ToDoTableViewCell.swift; sourceTree = "<group>"; };
/* End PBXFileReference section */

/* Begin PBXFrameworksBuildPhase section */
		332093441C50FB9E00C6DAE9 /* Frameworks */ = {
			isa = PBXFrameworksBuildPhase;
			buildActionMask = 2147483647;
			files = (
			);
			runOnlyForDeploymentPostprocessing = 0;
		};
		332093581C50FB9E00C6DAE9 /* Frameworks */ = {
			isa = PBXFrameworksBuildPhase;
			buildActionMask = 2147483647;
			files = (
			);
			runOnlyForDeploymentPostprocessing = 0;
		};
		332093631C50FB9E00C6DAE9 /* Frameworks */ = {
			isa = PBXFrameworksBuildPhase;
			buildActionMask = 2147483647;
			files = (
			);
			runOnlyForDeploymentPostprocessing = 0;
		};
/* End PBXFrameworksBuildPhase section */

/* Begin PBXGroup section */
		3320933E1C50FB9E00C6DAE9 = {
			isa = PBXGroup;
			children = (
				332093781C51170800C6DAE9 /* ToDoTableViewCell.swift */,
				332093491C50FB9E00C6DAE9 /* to_do_list */,
				3320935E1C50FB9E00C6DAE9 /* to_do_listTests */,
				332093691C50FB9E00C6DAE9 /* to_do_listUITests */,
				332093481C50FB9E00C6DAE9 /* Products */,
			);
			sourceTree = "<group>";
		};
		332093481C50FB9E00C6DAE9 /* Products */ = {
			isa = PBXGroup;
			children = (
				332093471C50FB9E00C6DAE9 /* to_do_list.app */,
				3320935B1C50FB9E00C6DAE9 /* to_do_listTests.xctest */,
				332093661C50FB9E00C6DAE9 /* to_do_listUITests.xctest */,
			);
			name = Products;
			sourceTree = "<group>";
		};
		332093491C50FB9E00C6DAE9 /* to_do_list */ = {
			isa = PBXGroup;
			children = (
				3320934A1C50FB9E00C6DAE9 /* AppDelegate.swift */,
				3320934C1C50FB9E00C6DAE9 /* ViewController.swift */,
				3320934E1C50FB9E00C6DAE9 /* Main.storyboard */,
				332093511C50FB9E00C6DAE9 /* Assets.xcassets */,
				332093531C50FB9E00C6DAE9 /* LaunchScreen.storyboard */,
				332093561C50FB9E00C6DAE9 /* Info.plist */,
			);
			path = to_do_list;
			sourceTree = "<group>";
		};
		3320935E1C50FB9E00C6DAE9 /* to_do_listTests */ = {
			isa = PBXGroup;
			children = (
				3320935F1C50FB9E00C6DAE9 /* to_do_listTests.swift */,
				332093611C50FB9E00C6DAE9 /* Info.plist */,
			);
			path = to_do_listTests;
			sourceTree = "<group>";
		};
		332093691C50FB9E00C6DAE9 /* to_do_listUITests */ = {
			isa = PBXGroup;
			children = (
				3320936A1C50FB9E00C6DAE9 /* to_do_listUITests.swift */,
				3320936C1C50FB9E00C6DAE9 /* Info.plist */,
			);
			path = to_do_listUITests;
			sourceTree = "<group>";
		};
/* End PBXGroup section */

/* Begin PBXNativeTarget section */
		332093461C50FB9E00C6DAE9 /* to_do_list */ = {
			isa = PBXNativeTarget;
			buildConfigurationList = 3320936F1C50FB9E00C6DAE9 /* Build configuration list for PBXNativeTarget "to_do_list" */;
			buildPhases = (
				332093431C50FB9E00C6DAE9 /* Sources */,
				332093441C50FB9E00C6DAE9 /* Frameworks */,
				332093451C50FB9E00C6DAE9 /* Resources */,
			);
			buildRules = (
			);
			dependencies = (
			);
			name = to_do_list;
			productName = to_do_list;
			productReference = 332093471C50FB9E00C6DAE9 /* to_do_list.app */;
			productType = "com.apple.product-type.application";
		};
		3320935A1C50FB9E00C6DAE9 /* to_do_listTests */ = {
			isa = PBXNativeTarget;
			buildConfigurationList = 332093721C50FB9E00C6DAE9 /* Build configuration list for PBXNativeTarget "to_do_listTests" */;
			buildPhases = (
				332093571C50FB9E00C6DAE9 /* Sources */,
				332093581C50FB9E00C6DAE9 /* Frameworks */,
				332093591C50FB9E00C6DAE9 /* Resources */,
			);
			buildRules = (
			);
			dependencies = (
				3320935D1C50FB9E00C6DAE9 /* PBXTargetDependency */,
			);
			name = to_do_listTests;
			productName = to_do_listTests;
			productReference = 3320935B1C50FB9E00C6DAE9 /* to_do_listTests.xctest */;
			productType = "com.apple.product-type.bundle.unit-test";
		};
		332093651C50FB9E00C6DAE9 /* to_do_listUITests */ = {
			isa = PBXNativeTarget;
			buildConfigurationList = 332093751C50FB9E00C6DAE9 /* Build configuration list for PBXNativeTarget "to_do_listUITests" */;
			buildPhases = (
				332093621C50FB9E00C6DAE9 /* Sources */,
				332093631C50FB9E00C6DAE9 /* Frameworks */,
				332093641C50FB9E00C6DAE9 /* Resources */,
			);
			buildRules = (
			);
			dependencies = (
				332093681C50FB9E00C6DAE9 /* PBXTargetDependency */,
			);
			name = to_do_listUITests;
			productName = to_do_listUITests;
			productReference = 332093661C50FB9E00C6DAE9 /* to_do_listUITests.xctest */;
			productType = "com.apple.product-type.bundle.ui-testing";
		};
/* End PBXNativeTarget section */

/* Begin PBXProject section */
		3320933F1C50FB9E00C6DAE9 /* Project object */ = {
			isa = PBXProject;
			attributes = {
				LastSwiftUpdateCheck = 0720;
				LastUpgradeCheck = 0720;
				ORGANIZATIONNAME = "Richard Geoghegan";
				TargetAttributes = {
					332093461C50FB9E00C6DAE9 = {
						CreatedOnToolsVersion = 7.2;
						DevelopmentTeam = B4JH7P68EX;
					};
					3320935A1C50FB9E00C6DAE9 = {
						CreatedOnToolsVersion = 7.2;
						DevelopmentTeam = B4JH7P68EX;
						TestTargetID = 332093461C50FB9E00C6DAE9;
					};
					332093651C50FB9E00C6DAE9 = {
						CreatedOnToolsVersion = 7.2;
						DevelopmentTeam = B4JH7P68EX;
						TestTargetID = 332093461C50FB9E00C6DAE9;
					};
				};
			};
			buildConfigurationList = 332093421C50FB9E00C6DAE9 /* Build configuration list for PBXProject "to_do_list" */;
			compatibilityVersion = "Xcode 3.2";
			developmentRegion = English;
			hasScannedForEncodings = 0;
			knownRegions = (
				en,
				Base,
			);
			mainGroup = 3320933E1C50FB9E00C6DAE9;
			productRefGroup = 332093481C50FB9E00C6DAE9 /* Products */;
			projectDirPath = "";
			projectRoot = "";
			targets = (
				332093461C50FB9E00C6DAE9 /* to_do_list */,
				3320935A1C50FB9E00C6DAE9 /* to_do_listTests */,
				332093651C50FB9E00C6DAE9 /* to_do_listUITests */,
			);
		};
/* End PBXProject section */

/* Begin PBXResourcesBuildPhase section */
		332093451C50FB9E00C6DAE9 /* Resources */ = {
			isa = PBXResourcesBuildPhase;
			buildActionMask = 2147483647;
			files = (
				332093551C50FB9E00C6DAE9 /* LaunchScreen.storyboard in Resources */,
				332093521C50FB9E00C6DAE9 /* Assets.xcassets in Resources */,
				332093501C50FB9E00C6DAE9 /* Main.storyboard in Resources */,
			);
			runOnlyForDeploymentPostprocessing = 0;
		};
		332093591C50FB9E00C6DAE9 /* Resources */ = {
			isa = PBXResourcesBuildPhase;
			buildActionMask = 2147483647;
			files = (
			);
			runOnlyForDeploymentPostprocessing = 0;
		};
		332093641C50FB9E00C6DAE9 /* Resources */ = {
			isa = PBXResourcesBuildPhase;
			buildActionMask = 2147483647;
			files = (
			);
			runOnlyForDeploymentPostprocessing = 0;
		};
/* End PBXResourcesBuildPhase section */

/* Begin PBXSourcesBuildPhase section */
		332093431C50FB9E00C6DAE9 /* Sources */ = {
			isa = PBXSourcesBuildPhase;
			buildActionMask = 2147483647;
			files = (
				332093791C51170800C6DAE9 /* ToDoTableViewCell.swift in Sources */,
				3320934D1C50FB9E00C6DAE9 /* ViewController.swift in Sources */,
				3320934B1C50FB9E00C6DAE9 /* AppDelegate.swift in Sources */,
			);
			runOnlyForDeploymentPostprocessing = 0;
		};
		332093571C50FB9E00C6DAE9 /* Sources */ = {
			isa = PBXSourcesBuildPhase;
			buildActionMask = 2147483647;
			files = (
				332093601C50FB9E00C6DAE9 /* to_do_listTests.swift in Sources */,
			);
			runOnlyForDeploymentPostprocessing = 0;
		};
		332093621C50FB9E00C6DAE9 /* Sources */ = {
			isa = PBXSourcesBuildPhase;
			buildActionMask = 2147483647;
			files = (
				3320936B1C50FB9E00C6DAE9 /* to_do_listUITests.swift in Sources */,
			);
			runOnlyForDeploymentPostprocessing = 0;
		};
/* End PBXSourcesBuildPhase section */

/* Begin PBXTargetDependency section */
		3320935D1C50FB9E00C6DAE9 /* PBXTargetDependency */ = {
			isa = PBXTargetDependency;
			target = 332093461C50FB9E00C6DAE9 /* to_do_list */;
			targetProxy = 3320935C1C50FB9E00C6DAE9 /* PBXContainerItemProxy */;
		};
		332093681C50FB9E00C6DAE9 /* PBXTargetDependency */ = {
			isa = PBXTargetDependency;
			target = 332093461C50FB9E00C6DAE9 /* to_do_list */;
			targetProxy = 332093671C50FB9E00C6DAE9 /* PBXContainerItemProxy */;
		};
/* End PBXTargetDependency section */

/* Begin PBXVariantGroup section */
		3320934E1C50FB9E00C6DAE9 /* Main.storyboard */ = {
			isa = PBXVariantGroup;
			children = (
				3320934F1C50FB9E00C6DAE9 /* Base */,
			);
			name = Main.storyboard;
			sourceTree = "<group>";
		};
		332093531C50FB9E00C6DAE9 /* LaunchScreen.storyboard */ = {
			isa = PBXVariantGroup;
			children = (
				332093541C50FB9E00C6DAE9 /* Base */,
			);
			name = LaunchScreen.storyboard;
			sourceTree = "<group>";
		};
/* End PBXVariantGroup section */

/* Begin XCBuildConfiguration section */
		3320936D1C50FB9E00C6DAE9 /* Debug */ = {
			isa = XCBuildConfiguration;
			buildSettings = {
				ALWAYS_SEARCH_USER_PATHS = NO;
				CLANG_CXX_LANGUAGE_STANDARD = "gnu++0x";
				CLANG_CXX_LIBRARY = "libc++";
				CLANG_ENABLE_MODULES = YES;
				CLANG_ENABLE_OBJC_ARC = YES;
				CLANG_WARN_BOOL_CONVERSION = YES;
				CLANG_WARN_CONSTANT_CONVERSION = YES;
				CLANG_WARN_DIRECT_OBJC_ISA_USAGE = YES_ERROR;
				CLANG_WARN_EMPTY_BODY = YES;
				CLANG_WARN_ENUM_CONVERSION = YES;
				CLANG_WARN_INT_CONVERSION = YES;
				CLANG_WARN_OBJC_ROOT_CLASS = YES_ERROR;
				CLANG_WARN_UNREACHABLE_CODE = YES;
				CLANG_WARN__DUPLICATE_METHOD_MATCH = YES;
				"CODE_SIGN_IDENTITY[sdk=iphoneos*]" = "iPhone Developer";
				COPY_PHASE_STRIP = NO;
				DEBUG_INFORMATION_FORMAT = dwarf;
				ENABLE_STRICT_OBJC_MSGSEND = YES;
				ENABLE_TESTABILITY = YES;
				GCC_C_LANGUAGE_STANDARD = gnu99;
				GCC_DYNAMIC_NO_PIC = NO;
				GCC_NO_COMMON_BLOCKS = YES;
				GCC_OPTIMIZATION_LEVEL = 0;
				GCC_PREPROCESSOR_DEFINITIONS = (
					"DEBUG=1",
					"$(inherited)",
				);
				GCC_WARN_64_TO_32_BIT_CONVERSION = YES;
				GCC_WARN_ABOUT_RETURN_TYPE = YES_ERROR;
				GCC_WARN_UNDECLARED_SELECTOR = YES;
				GCC_WARN_UNINITIALIZED_AUTOS = YES_AGGRESSIVE;
				GCC_WARN_UNUSED_FUNCTION = YES;
				GCC_WARN_UNUSED_VARIABLE = YES;
				IPHONEOS_DEPLOYMENT_TARGET = 9.2;
				MTL_ENABLE_DEBUG_INFO = YES;
				ONLY_ACTIVE_ARCH = YES;
				SDKROOT = iphoneos;
				SWIFT_OPTIMIZATION_LEVEL = "-Onone";
				TARGETED_DEVICE_FAMILY = "1,2";
			};
			name = Debug;
		};
		3320936E1C50FB9E00C6DAE9 /* Release */ = {
			isa = XCBuildConfiguration;
			buildSettings = {
				ALWAYS_SEARCH_USER_PATHS = NO;
				CLANG_CXX_LANGUAGE_STANDARD = "gnu++0x";
				CLANG_CXX_LIBRARY = "libc++";
				CLANG_ENABLE_MODULES = YES;
				CLANG_ENABLE_OBJC_ARC = YES;
				CLANG_WARN_BOOL_CONVERSION = YES;
				CLANG_WARN_CONSTANT_CONVERSION = YES;
				CLANG_WARN_DIRECT_OBJC_ISA_USAGE = YES_ERROR;
				CLANG_WARN_EMPTY_BODY = YES;
				CLANG_WARN_ENUM_CONVERSION = YES;
				CLANG_WARN_INT_CONVERSION = YES;
				CLANG_WARN_OBJC_ROOT_CLASS = YES_ERROR;
				CLANG_WARN_UNREACHABLE_CODE = YES;
				CLANG_WARN__DUPLICATE_METHOD_MATCH = YES;
				"CODE_SIGN_IDENTITY[sdk=iphoneos*]" = "iPhone Developer";
				COPY_PHASE_STRIP = NO;
				DEBUG_INFORMATION_FORMAT = "dwarf-with-dsym";
				ENABLE_NS_ASSERTIONS = NO;
				ENABLE_STRICT_OBJC_MSGSEND = YES;
				GCC_C_LANGUAGE_STANDARD = gnu99;
				GCC_NO_COMMON_BLOCKS = YES;
				GCC_WARN_64_TO_32_BIT_CONVERSION = YES;
				GCC_WARN_ABOUT_RETURN_TYPE = YES_ERROR;
				GCC_WARN_UNDECLARED_SELECTOR = YES;
				GCC_WARN_UNINITIALIZED_AUTOS = YES_AGGRESSIVE;
				GCC_WARN_UNUSED_FUNCTION = YES;
				GCC_WARN_UNUSED_VARIABLE = YES;
				IPHONEOS_DEPLOYMENT_TARGET = 9.2;
				MTL_ENABLE_DEBUG_INFO = NO;
				SDKROOT = iphoneos;
				TARGETED_DEVICE_FAMILY = "1,2";
				VALIDATE_PRODUCT = YES;
			};
			name = Release;
		};
		332093701C50FB9E00C6DAE9 /* Debug */ = {
			isa = XCBuildConfiguration;
			buildSettings = {
				ASSETCATALOG_COMPILER_APPICON_NAME = AppIcon;
				INFOPLIST_FILE = to_do_list/Info.plist;
				LD_RUNPATH_SEARCH_PATHS = "$(inherited) @executable_path/Frameworks";
				PRODUCT_BUNDLE_IDENTIFIER = "rg.to-do-list";
				PRODUCT_NAME = "$(TARGET_NAME)";
			};
			name = Debug;
		};
		332093711C50FB9E00C6DAE9 /* Release */ = {
			isa = XCBuildConfiguration;
			buildSettings = {
				ASSETCATALOG_COMPILER_APPICON_NAME = AppIcon;
				INFOPLIST_FILE = to_do_list/Info.plist;
				LD_RUNPATH_SEARCH_PATHS = "$(inherited) @executable_path/Frameworks";
				PRODUCT_BUNDLE_IDENTIFIER = "rg.to-do-list";
				PRODUCT_NAME = "$(TARGET_NAME)";
			};
			name = Release;
		};
		332093731C50FB9E00C6DAE9 /* Debug */ = {
			isa = XCBuildConfiguration;
			buildSettings = {
				BUNDLE_LOADER = "$(TEST_HOST)";
				INFOPLIST_FILE = to_do_listTests/Info.plist;
				LD_RUNPATH_SEARCH_PATHS = "$(inherited) @executable_path/Frameworks @loader_path/Frameworks";
				PRODUCT_BUNDLE_IDENTIFIER = "rg.to-do-listTests";
				PRODUCT_NAME = "$(TARGET_NAME)";
				TEST_HOST = "$(BUILT_PRODUCTS_DIR)/to_do_list.app/to_do_list";
			};
			name = Debug;
		};
		332093741C50FB9E00C6DAE9 /* Release */ = {
			isa = XCBuildConfiguration;
			buildSettings = {
				BUNDLE_LOADER = "$(TEST_HOST)";
				INFOPLIST_FILE = to_do_listTests/Info.plist;
				LD_RUNPATH_SEARCH_PATHS = "$(inherited) @executable_path/Frameworks @loader_path/Frameworks";
				PRODUCT_BUNDLE_IDENTIFIER = "rg.to-do-listTests";
				PRODUCT_NAME = "$(TARGET_NAME)";
				TEST_HOST = "$(BUILT_PRODUCTS_DIR)/to_do_list.app/to_do_list";
			};
			name = Release;
		};
		332093761C50FB9E00C6DAE9 /* Debug */ = {
			isa = XCBuildConfiguration;
			buildSettings = {
				INFOPLIST_FILE = to_do_listUITests/Info.plist;
				LD_RUNPATH_SEARCH_PATHS = "$(inherited) @executable_path/Frameworks @loader_path/Frameworks";
				PRODUCT_BUNDLE_IDENTIFIER = "rg.to-do-listUITests";
				PRODUCT_NAME = "$(TARGET_NAME)";
				TEST_TARGET_NAME = to_do_list;
				USES_XCTRUNNER = YES;
			};
			name = Debug;
		};
		332093771C50FB9E00C6DAE9 /* Release */ = {
			isa = XCBuildConfiguration;
			buildSettings = {
				INFOPLIST_FILE = to_do_listUITests/Info.plist;
				LD_RUNPATH_SEARCH_PATHS = "$(inherited) @executable_path/Frameworks @loader_path/Frameworks";
				PRODUCT_BUNDLE_IDENTIFIER = "rg.to-do-listUITests";
				PRODUCT_NAME = "$(TARGET_NAME)";
				TEST_TARGET_NAME = to_do_list;
				USES_XCTRUNNER = YES;
			};
			name = Release;
		};
/* End XCBuildConfiguration section */

/* Begin XCConfigurationList section */
		332093421C50FB9E00C6DAE9 /* Build configuration list for PBXProject "to_do_list" */ = {
			isa = XCConfigurationList;
			buildConfigurations = (
				3320936D1C50FB9E00C6DAE9 /* Debug */,
				3320936E1C50FB9E00C6DAE9 /* Release */,
			);
			defaultConfigurationIsVisible = 0;
			defaultConfigurationName = Release;
		};
		3320936F1C50FB9E00C6DAE9 /* Build configuration list for PBXNativeTarget "to_do_list" */ = {
			isa = XCConfigurationList;
			buildConfigurations = (
				332093701C50FB9E00C6DAE9 /* Debug */,
				332093711C50FB9E00C6DAE9 /* Release */,
			);
			defaultConfigurationIsVisible = 0;
		};
		332093721C50FB9E00C6DAE9 /* Build configuration list for PBXNativeTarget "to_do_listTests" */ = {
			isa = XCConfigurationList;
			buildConfigurations = (
				332093731C50FB9E00C6DAE9 /* Debug */,
				332093741C50FB9E00C6DAE9 /* Release */,
			);
			defaultConfigurationIsVisible = 0;
		};
		332093751C50FB9E00C6DAE9 /* Build configuration list for PBXNativeTarget "to_do_listUITests" */ = {
			isa = XCConfigurationList;
			buildConfigurations = (
				332093761C50FB9E00C6DAE9 /* Debug */,
				332093771C50FB9E00C6DAE9 /* Release */,
			);
			defaultConfigurationIsVisible = 0;
		};
/* End XCConfigurationList section */
	};
	rootObject = 3320933F1C50FB9E00C6DAE9 /* Project object */;
}
